
Microsoft Visual Studio Solution File, Format Version 12.00
# Visual Studio Version 16
VisualStudioVersion = 16.0.30204.135
MinimumVisualStudioVersion = 10.0.40219.1
Project("{FAE04EC0-301F-11D3-BF4B-00C04F79EFBC}") = "Soundscape", "Soundscape.csproj", "{42BC5782-837B-4125-8194-9F64D0C59772}"
EndProject
Global
	GlobalSection(SolutionConfigurationPlatforms) = preSolution
		Debug|Any CPU = Debug|Any CPU
		Release|Any CPU = Release|Any CPU
	EndGlobalSection
	GlobalSection(ProjectConfigurationPlatforms) = postSolution
		{42BC5782-837B-4125-8194-9F64D0C59772}.Debug|Any CPU.ActiveCfg = Debug|Any CPU
		{42BC5782-837B-4125-8194-9F64D0C59772}.Debug|Any CPU.Build.0 = Debug|Any CPU
		{42BC5782-837B-4125-8194-9F64D0C59772}.Release|Any CPU.ActiveCfg = Release|Any CPU
		{42BC5782-837B-4125-8194-9F64D0C59772}.Release|Any CPU.Build.0 = Release|Any CPU
	EndGlobalSection
	GlobalSection(SolutionProperties) = preSolution
		HideSolutionNode = FALSE
	EndGlobalSection
	GlobalSection(ExtensibilityGlobals) = postSolution
		SolutionGuid = {14972F49-BE08-48D2-949A-A340A7709275}
	EndGlobalSection
EndGlobal
